Microsoft Visual Studio Solution File, Format Version 11.00
# Visual Studio 2008

Project("{228693F1-5D8E-BDC7-CB30-92607DCFD48D}") = "CCZ", "Assembly-CSharp-firstpass.csproj", "{C648C2E3-893E-9344-91FB-48A8A6118458}"
EndProject
Project("{228693F1-5D8E-BDC7-CB30-92607DCFD48D}") = "CCZ", "Assembly-CSharp.csproj", "{57FA6ACA-43D3-C489-A0AE-D94239FF47C8}"
EndProject
Project("{228693F1-5D8E-BDC7-CB30-92607DCFD48D}") = "CCZ", "Assembly-CSharp-Editor.csproj", "{65E27103-0AD7-7A5D-EDA6-28907E821D18}"
EndProject
Project("{228693F1-5D8E-BDC7-CB30-92607DCFD48D}") = "CCZ", "Assembly-UnityScript-firstpass.unityproj", "{3E5DC4CA-B8D4-5EC9-CC84-671A0ECD2A65}"
EndProject
Project("{228693F1-5D8E-BDC7-CB30-92607DCFD48D}") = "CCZ", "Assembly-UnityScript.unityproj", "{2BDA6283-8780-7ACF-2199-B5B73350196F}"
EndProject
Project("{228693F1-5D8E-BDC7-CB30-92607DCFD48D}") = "CCZ", "Assembly-UnityScript-Editor.unityproj", "{C4C69CC9-128E-C85A-7755-876F70DB3064}"
EndProject
Global
	GlobalSection(SolutionConfigurationPlatforms) = preSolution
		Debug|Any CPU = Debug|Any CPU
		Release|Any CPU = Release|Any CPU
	EndGlobalSection
	GlobalSection(ProjectConfigurationPlatforms) = postSolution
		{C648C2E3-893E-9344-91FB-48A8A6118458}.Debug|Any CPU.ActiveCfg = Debug|Any CPU
		{C648C2E3-893E-9344-91FB-48A8A6118458}.Debug|Any CPU.Build.0 = Debug|Any CPU
		{C648C2E3-893E-9344-91FB-48A8A6118458}.Release|Any CPU.ActiveCfg = Release|Any CPU
		{C648C2E3-893E-9344-91FB-48A8A6118458}.Release|Any CPU.Build.0 = Release|Any CPU
		{57FA6ACA-43D3-C489-A0AE-D94239FF47C8}.Debug|Any CPU.ActiveCfg = Debug|Any CPU
		{57FA6ACA-43D3-C489-A0AE-D94239FF47C8}.Debug|Any CPU.Build.0 = Debug|Any CPU
		{57FA6ACA-43D3-C489-A0AE-D94239FF47C8}.Release|Any CPU.ActiveCfg = Release|Any CPU
		{57FA6ACA-43D3-C489-A0AE-D94239FF47C8}.Release|Any CPU.Build.0 = Release|Any CPU
		{65E27103-0AD7-7A5D-EDA6-28907E821D18}.Debug|Any CPU.ActiveCfg = Debug|Any CPU
		{65E27103-0AD7-7A5D-EDA6-28907E821D18}.Debug|Any CPU.Build.0 = Debug|Any CPU
		{65E27103-0AD7-7A5D-EDA6-28907E821D18}.Release|Any CPU.ActiveCfg = Release|Any CPU
		{65E27103-0AD7-7A5D-EDA6-28907E821D18}.Release|Any CPU.Build.0 = Release|Any CPU
		{3E5DC4CA-B8D4-5EC9-CC84-671A0ECD2A65}.Debug|Any CPU.ActiveCfg = Debug|Any CPU
		{3E5DC4CA-B8D4-5EC9-CC84-671A0ECD2A65}.Debug|Any CPU.Build.0 = Debug|Any CPU
		{3E5DC4CA-B8D4-5EC9-CC84-671A0ECD2A65}.Release|Any CPU.ActiveCfg = Release|Any CPU
		{3E5DC4CA-B8D4-5EC9-CC84-671A0ECD2A65}.Release|Any CPU.Build.0 = Release|Any CPU
		{2BDA6283-8780-7ACF-2199-B5B73350196F}.Debug|Any CPU.ActiveCfg = Debug|Any CPU
		{2BDA6283-8780-7ACF-2199-B5B73350196F}.Debug|Any CPU.Build.0 = Debug|Any CPU
		{2BDA6283-8780-7ACF-2199-B5B73350196F}.Release|Any CPU.ActiveCfg = Release|Any CPU
		{2BDA6283-8780-7ACF-2199-B5B73350196F}.Release|Any CPU.Build.0 = Release|Any CPU
		{C4C69CC9-128E-C85A-7755-876F70DB3064}.Debug|Any CPU.ActiveCfg = Debug|Any CPU
		{C4C69CC9-128E-C85A-7755-876F70DB3064}.Debug|Any CPU.Build.0 = Debug|Any CPU
		{C4C69CC9-128E-C85A-7755-876F70DB3064}.Release|Any CPU.ActiveCfg = Release|Any CPU
		{C4C69CC9-128E-C85A-7755-876F70DB3064}.Release|Any CPU.Build.0 = Release|Any CPU
	EndGlobalSection
	GlobalSection(SolutionProperties) = preSolution
		HideSolutionNode = FALSE
	EndGlobalSection
											GlobalSection(MonoDevelopProperties) = preSolution
		StartupItem = Assembly-CSharp.csproj
		Policies = $0
		$0.TextStylePolicy = $1
		$1.inheritsSet = null
		$1.scope = text/x-csharp
		$0.CSharpFormattingPolicy = $2
		$2.inheritsSet = Mono
		$2.inheritsScope = text/x-csharp
		$2.scope = text/x-csharp
		$0.TextStylePolicy = $3
		$3.FileWidth = 120
		$3.TabWidth = 4
		$3.EolMarker = Unix
		$3.inheritsSet = Mono
		$3.inheritsScope = text/plain
		$3.scope = text/plain
	EndGlobalSection

EndGlobal
